
Microsoft Visual Studio Solution File, Format Version 12.00
# Visual Studio Version 16
VisualStudioVersion = 16.0.32002.261
MinimumVisualStudioVersion = 10.0.40219.1
Project("{FAE04EC0-301F-11D3-BF4B-00C04F79EFBC}") = "WinWallet", "WinWallet\WinWallet.csproj", "{6893ADCD-5FC4-4881-909C-85A478284FF0}"
EndProject
Global
	GlobalSection(SolutionConfigurationPlatforms) = preSolution
		Debug|Any CPU = Debug|Any CPU
		Release|Any CPU = Release|Any CPU
	EndGlobalSection
	GlobalSection(ProjectConfigurationPlatforms) = postSolution
		{6893ADCD-5FC4-4881-909C-85A478284FF0}.Debug|Any CPU.ActiveCfg = Debug|Any CPU
		{6893ADCD-5FC4-4881-909C-85A478284FF0}.Debug|Any CPU.Build.0 = Debug|Any CPU
		{6893ADCD-5FC4-4881-909C-85A478284FF0}.Release|Any CPU.ActiveCfg = Release|Any CPU
		{6893ADCD-5FC4-4881-909C-85A478284FF0}.Release|Any CPU.Build.0 = Release|Any CPU
	EndGlobalSection
	GlobalSection(SolutionProperties) = preSolution
		HideSolutionNode = FALSE
	EndGlobalSection
	GlobalSection(ExtensibilityGlobals) = postSolution
		SolutionGuid = {F5FBF595-E51C-4671-92DF-077C4CE0B621}
	EndGlobalSection
EndGlobal
